{
  "name": "faucet",
  "lockfileVersion": 3,
  "requires": true,
  "packages": {
    "": {
      "dependencies": {
        "foundry-test-utility": "^0.1.1"
      }
    },
    "node_modules/foundry-test-utility": {
      "version": "0.1.1",
      "resolved": "https://registry.npmjs.org/foundry-test-utility/-/foundry-test-utility-0.1.1.tgz",
      "integrity": "sha512-dGUAF5U02bkTgRoIYJDvxAHC+J28jtXZqeDcDgPD0pNU/xnJCxmkLfCJU8QCncRwXDIAu3ONZDO+NaZfoyjcYQ=="
    }
  }
}
